
Microsoft Visual Studio Solution File, Format Version 12.00
# Visual Studio Version 16
VisualStudioVersion = 16.0.31515.178
MinimumVisualStudioVersion = 10.0.40219.1
Project("{8BC9CEB8-8B4A-11D0-8D11-00A0C91BC942}") = "Simulator", "Simulator\Simulator.vcxproj", "{85AAED78-A119-4037-B97C-FBAEA73A5AA1}"
EndProject
Global
	GlobalSection(SolutionConfigurationPlatforms) = preSolution
		Debug|x64 = Debug|x64
		Debug|x86 = Debug|x86
		Release|x64 = Release|x64
		Release|x86 = Release|x86
	EndGlobalSection
	GlobalSection(ProjectConfigurationPlatforms) = postSolution
		{85AAED78-A119-4037-B97C-FBAEA73A5AA1}.Debug|x64.ActiveCfg = Debug|x64
		{85AAED78-A119-4037-B97C-FBAEA73A5AA1}.Debug|x64.Build.0 = Debug|x64
		{85AAED78-A119-4037-B97C-FBAEA73A5AA1}.Debug|x86.ActiveCfg = Debug|Win32
		{85AAED78-A119-4037-B97C-FBAEA73A5AA1}.Debug|x86.Build.0 = Debug|Win32
		{85AAED78-A119-4037-B97C-FBAEA73A5AA1}.Release|x64.ActiveCfg = Release|x64
		{85AAED78-A119-4037-B97C-FBAEA73A5AA1}.Release|x64.Build.0 = Release|x64
		{85AAED78-A119-4037-B97C-FBAEA73A5AA1}.Release|x86.ActiveCfg = Release|Win32
		{85AAED78-A119-4037-B97C-FBAEA73A5AA1}.Release|x86.Build.0 = Release|Win32
	EndGlobalSection
	GlobalSection(SolutionProperties) = preSolution
		HideSolutionNode = FALSE
	EndGlobalSection
	GlobalSection(ExtensibilityGlobals) = postSolution
		SolutionGuid = {9C4712D1-2E9E-400B-97BF-37841B7CF0CB}
	EndGlobalSection
EndGlobal
